<?xml version="1.0" encoding="utf-8"?>
<Project ToolsVersion="4.0" xmlns="http://schemas.microsoft.com/developer/msbuild/2003">
  <ItemGroup>
    <Filter Include="Quelldateien">
      <UniqueIdentifier>{c12a3240-e93a-4630-9b98-e0cba0811722}</UniqueIdentifier>
    </Filter>
    <Filter Include="Ressourcendateien">
      <UniqueIdentifier>{c521ac19-a1eb-4f0b-9e73-e891f63d672a}</UniqueIdentifier>
    </Filter>
  </ItemGroup>
  <ItemGroup>
    <ClCompile Include="src\main.cpp">
      <Filter>Quelldateien</Filter>
    </ClCompile>
  </ItemGroup>
  <ItemGroup>
    <ResourceCompile Include="res\DarkSoulsIIModLoader.Injector.rc">
      <Filter>Ressourcendateien</Filter>
    </ResourceCompile>
  </ItemGroup>
</Project>